{
	"name": "reddit-uhd",
	"version": "1.1.1",
	"lockfileVersion": 1,
	"requires": true,
	"dependencies": {
		"jquery": {
			"version": "3.2.1",
			"resolved": "https://registry.npmjs.org/jquery/-/jquery-3.2.1.tgz",
			"integrity": "sha1-XE2d5lKvbNCncBVKYxu6ErAVx4c="
		},
		"jquery-zoom": {
			"version": "1.7.20",
			"resolved": "https://registry.npmjs.org/jquery-zoom/-/jquery-zoom-1.7.20.tgz",
			"integrity": "sha1-Jbn53FCAS0jCHxeWlJpfasF/u6c=",
			"requires": {
				"jquery": "3.2.1"
			}
		}
	}
}
